
Microsoft Visual Studio Solution File, Format Version 12.00
# Visual Studio Version 17
VisualStudioVersion = 17.8.34511.84
MinimumVisualStudioVersion = 10.0.40219.1
Project("{FAE04EC0-301F-11D3-BF4B-00C04F79EFBC}") = "PagesDemo", "PagesDemo\PagesDemo.csproj", "{120BF5C7-9C56-4A72-8E8F-CF564FA5E2CA}"
EndProject
Global
	GlobalSection(SolutionConfigurationPlatforms) = preSolution
		Debug|Any CPU = Debug|Any CPU
		Release|Any CPU = Release|Any CPU
	EndGlobalSection
	GlobalSection(ProjectConfigurationPlatforms) = postSolution
		{120BF5C7-9C56-4A72-8E8F-CF564FA5E2CA}.Debug|Any CPU.ActiveCfg = Debug|Any CPU
		{120BF5C7-9C56-4A72-8E8F-CF564FA5E2CA}.Debug|Any CPU.Build.0 = Debug|Any CPU
		{120BF5C7-9C56-4A72-8E8F-CF564FA5E2CA}.Debug|Any CPU.Deploy.0 = Debug|Any CPU
		{120BF5C7-9C56-4A72-8E8F-CF564FA5E2CA}.Release|Any CPU.ActiveCfg = Release|Any CPU
		{120BF5C7-9C56-4A72-8E8F-CF564FA5E2CA}.Release|Any CPU.Build.0 = Release|Any CPU
		{120BF5C7-9C56-4A72-8E8F-CF564FA5E2CA}.Release|Any CPU.Deploy.0 = Release|Any CPU
	EndGlobalSection
	GlobalSection(SolutionProperties) = preSolution
		HideSolutionNode = FALSE
	EndGlobalSection
	GlobalSection(ExtensibilityGlobals) = postSolution
		SolutionGuid = {D087716D-7D11-4F0F-9F56-06D4BBD52827}
	EndGlobalSection
EndGlobal
